
Microsoft Visual Studio Solution File, Format Version 12.00
# Visual Studio Version 17
VisualStudioVersion = 17.9.34714.143
MinimumVisualStudioVersion = 10.0.40219.1
Project("{9A19103F-16F7-4668-BE54-9A1E7A4F7556}") = "SharpWin", "SharpWin.csproj", "{74CCB710-103E-4AE2-8ED4-5F35C52655EB}"
EndProject
Global
	GlobalSection(SolutionConfigurationPlatforms) = preSolution
		Debug|Any CPU = Debug|Any CPU
		Release|Any CPU = Release|Any CPU
	EndGlobalSection
	GlobalSection(ProjectConfigurationPlatforms) = postSolution
		{74CCB710-103E-4AE2-8ED4-5F35C52655EB}.Debug|Any CPU.ActiveCfg = Debug|Any CPU
		{74CCB710-103E-4AE2-8ED4-5F35C52655EB}.Debug|Any CPU.Build.0 = Debug|Any CPU
		{74CCB710-103E-4AE2-8ED4-5F35C52655EB}.Release|Any CPU.ActiveCfg = Release|Any CPU
		{74CCB710-103E-4AE2-8ED4-5F35C52655EB}.Release|Any CPU.Build.0 = Release|Any CPU
	EndGlobalSection
	GlobalSection(SolutionProperties) = preSolution
		HideSolutionNode = FALSE
	EndGlobalSection
	GlobalSection(ExtensibilityGlobals) = postSolution
		SolutionGuid = {A97EDDB4-3DF7-42BD-833D-7200A04B8B43}
	EndGlobalSection
EndGlobal
